
Microsoft Visual Studio Solution File, Format Version 12.00
# Visual Studio 14
VisualStudioVersion = 14.0.25123.0
MinimumVisualStudioVersion = 10.0.40219.1
Project("{FAE04EC0-301F-11D3-BF4B-00C04F79EFBC}") = "Kata-FizzBuzz", "Kata-FizzBuzz\Kata-FizzBuzz.csproj", "{AD9CCE46-BBDC-4754-97B6-D502AC8A53D5}"
EndProject
Project("{FAE04EC0-301F-11D3-BF4B-00C04F79EFBC}") = "Application", "App\Application.csproj", "{D93BBF5A-A07C-46DF-B7B9-29A4B313E3E7}"
EndProject
Project("{FAE04EC0-301F-11D3-BF4B-00C04F79EFBC}") = "UnitTest", "UnitTest\UnitTest.csproj", "{718748BC-643C-4C76-BF52-1AC0A8513C60}"
EndProject
Global
	GlobalSection(SolutionConfigurationPlatforms) = preSolution
		Debug|Any CPU = Debug|Any CPU
		Release|Any CPU = Release|Any CPU
	EndGlobalSection
	GlobalSection(ProjectConfigurationPlatforms) = postSolution
		{AD9CCE46-BBDC-4754-97B6-D502AC8A53D5}.Debug|Any CPU.ActiveCfg = Debug|Any CPU
		{AD9CCE46-BBDC-4754-97B6-D502AC8A53D5}.Debug|Any CPU.Build.0 = Debug|Any CPU
		{AD9CCE46-BBDC-4754-97B6-D502AC8A53D5}.Release|Any CPU.ActiveCfg = Release|Any CPU
		{AD9CCE46-BBDC-4754-97B6-D502AC8A53D5}.Release|Any CPU.Build.0 = Release|Any CPU
		{D93BBF5A-A07C-46DF-B7B9-29A4B313E3E7}.Debug|Any CPU.ActiveCfg = Debug|Any CPU
		{D93BBF5A-A07C-46DF-B7B9-29A4B313E3E7}.Debug|Any CPU.Build.0 = Debug|Any CPU
		{D93BBF5A-A07C-46DF-B7B9-29A4B313E3E7}.Release|Any CPU.ActiveCfg = Release|Any CPU
		{D93BBF5A-A07C-46DF-B7B9-29A4B313E3E7}.Release|Any CPU.Build.0 = Release|Any CPU
		{718748BC-643C-4C76-BF52-1AC0A8513C60}.Debug|Any CPU.ActiveCfg = Debug|Any CPU
		{718748BC-643C-4C76-BF52-1AC0A8513C60}.Debug|Any CPU.Build.0 = Debug|Any CPU
		{718748BC-643C-4C76-BF52-1AC0A8513C60}.Release|Any CPU.ActiveCfg = Release|Any CPU
		{718748BC-643C-4C76-BF52-1AC0A8513C60}.Release|Any CPU.Build.0 = Release|Any CPU
	EndGlobalSection
	GlobalSection(SolutionProperties) = preSolution
		HideSolutionNode = FALSE
	EndGlobalSection
EndGlobal
